
Microsoft Visual Studio Solution File, Format Version 12.00
# Visual Studio Version 16
VisualStudioVersion = 16.0.29403.142
MinimumVisualStudioVersion = 10.0.40219.1
Project("{FAE04EC0-301F-11D3-BF4B-00C04F79EFBC}") = "com.simplemaple.service", "..\com.simplemaple.service\com.simplemaple.service.csproj", "{B63849FB-29EA-4ECA-8B42-F9A09C874018}"
EndProject
Project("{FAE04EC0-301F-11D3-BF4B-00C04F79EFBC}") = "com.simplemaple.service.contracts", "..\com.simplemaple.service.contracts\com.simplemaple.service.contracts.csproj", "{CFA7A3DB-2958-448D-9753-EC8AFEEF8B72}"
EndProject
Project("{FAE04EC0-301F-11D3-BF4B-00C04F79EFBC}") = "com.simplemaple.shared", "..\com.simplemaple.shared\com.simplemaple.shared.csproj", "{ECF73A29-1007-449A-A78C-7E9869856FFC}"
EndProject
Project("{FAE04EC0-301F-11D3-BF4B-00C04F79EFBC}") = "com.simplemaple.webapi", "..\com.simplemaple.webapi\com.simplemaple.webapi.csproj", "{CA5A5536-E155-4C0B-9146-BFB01CDA562D}"
EndProject
Project("{FAE04EC0-301F-11D3-BF4B-00C04F79EFBC}") = "com.simplemaple.domain", "..\com.simplemaple.domain\com.simplemaple.domain.csproj", "{6A160579-6A9C-4FD6-870D-CA091488E1D2}"
EndProject
Global
	GlobalSection(SolutionConfigurationPlatforms) = preSolution
		Debug|Any CPU = Debug|Any CPU
		Release|Any CPU = Release|Any CPU
	EndGlobalSection
	GlobalSection(ProjectConfigurationPlatforms) = postSolution
		{B63849FB-29EA-4ECA-8B42-F9A09C874018}.Debug|Any CPU.ActiveCfg = Debug|Any CPU
		{B63849FB-29EA-4ECA-8B42-F9A09C874018}.Debug|Any CPU.Build.0 = Debug|Any CPU
		{B63849FB-29EA-4ECA-8B42-F9A09C874018}.Release|Any CPU.ActiveCfg = Release|Any CPU
		{B63849FB-29EA-4ECA-8B42-F9A09C874018}.Release|Any CPU.Build.0 = Release|Any CPU
		{CFA7A3DB-2958-448D-9753-EC8AFEEF8B72}.Debug|Any CPU.ActiveCfg = Debug|Any CPU
		{CFA7A3DB-2958-448D-9753-EC8AFEEF8B72}.Debug|Any CPU.Build.0 = Debug|Any CPU
		{CFA7A3DB-2958-448D-9753-EC8AFEEF8B72}.Release|Any CPU.ActiveCfg = Release|Any CPU
		{CFA7A3DB-2958-448D-9753-EC8AFEEF8B72}.Release|Any CPU.Build.0 = Release|Any CPU
		{ECF73A29-1007-449A-A78C-7E9869856FFC}.Debug|Any CPU.ActiveCfg = Debug|Any CPU
		{ECF73A29-1007-449A-A78C-7E9869856FFC}.Debug|Any CPU.Build.0 = Debug|Any CPU
		{ECF73A29-1007-449A-A78C-7E9869856FFC}.Release|Any CPU.ActiveCfg = Release|Any CPU
		{ECF73A29-1007-449A-A78C-7E9869856FFC}.Release|Any CPU.Build.0 = Release|Any CPU
		{CA5A5536-E155-4C0B-9146-BFB01CDA562D}.Debug|Any CPU.ActiveCfg = Debug|Any CPU
		{CA5A5536-E155-4C0B-9146-BFB01CDA562D}.Debug|Any CPU.Build.0 = Debug|Any CPU
		{CA5A5536-E155-4C0B-9146-BFB01CDA562D}.Release|Any CPU.ActiveCfg = Release|Any CPU
		{CA5A5536-E155-4C0B-9146-BFB01CDA562D}.Release|Any CPU.Build.0 = Release|Any CPU
		{6A160579-6A9C-4FD6-870D-CA091488E1D2}.Debug|Any CPU.ActiveCfg = Debug|Any CPU
		{6A160579-6A9C-4FD6-870D-CA091488E1D2}.Debug|Any CPU.Build.0 = Debug|Any CPU
		{6A160579-6A9C-4FD6-870D-CA091488E1D2}.Release|Any CPU.ActiveCfg = Release|Any CPU
		{6A160579-6A9C-4FD6-870D-CA091488E1D2}.Release|Any CPU.Build.0 = Release|Any CPU
	EndGlobalSection
	GlobalSection(SolutionProperties) = preSolution
		HideSolutionNode = FALSE
	EndGlobalSection
	GlobalSection(ExtensibilityGlobals) = postSolution
		SolutionGuid = {EC41FF79-B4E2-4D74-ACD5-9895A4A3A7C3}
	EndGlobalSection
EndGlobal
